PODS:
  - BiSON (1.0.1)
  - SmartDeviceLink (4.6.1):
    - BiSON (~> 1.0)
    - SmartDeviceLink/Default (= 4.6.1)
  - SmartDeviceLink/Default (4.6.1):
    - BiSON (~> 1.0)

DEPENDENCIES:
  - SmartDeviceLink (from `https://github.com/smartdevicelink/sdl_ios.git`, branch `feature/issue_686_video_capabilities_integration`)

EXTERNAL SOURCES:
  SmartDeviceLink:
    :branch: feature/issue_686_video_capabilities_integration
    :git: https://github.com/smartdevicelink/sdl_ios.git

CHECKOUT OPTIONS:
  SmartDeviceLink:
    :commit: 0f3e31a210a6cc609fdfc9816947014a78d899b1
    :git: https://github.com/smartdevicelink/sdl_ios.git

SPEC CHECKSUMS:
  BiSON: 4a12ea7d55a080bb374b307692f5a4dca440b2fc
  SmartDeviceLink: 8eaefbf3f307d066073d68869e52f3a24d73202d

PODFILE CHECKSUM: 80bddbb5d16a3d200364a02d74a73733fcd42ade

COCOAPODS: 1.3.1
