PODS:
  - BiSON (1.0.1)
  - SmartDeviceLink (4.6.1):
    - BiSON (~> 1.0)
    - SmartDeviceLink/Default (= 4.6.1)
  - SmartDeviceLink/Default (4.6.1):
    - BiSON (~> 1.0)

DEPENDENCIES:
  - SmartDeviceLink (from `/Users/nicolelivioradio.com/sdl_ios`)

EXTERNAL SOURCES:
  SmartDeviceLink:
    :path: /Users/nicolelivioradio.com/sdl_ios

SPEC CHECKSUMS:
  BiSON: 4a12ea7d55a080bb374b307692f5a4dca440b2fc
  SmartDeviceLink: d7891e64a0660fce524afeaa176f367c202499b3

PODFILE CHECKSUM: fa96dff2ac2a30dcd83a882332af92735c56f221

COCOAPODS: 1.3.1
