PODS:
  - BiSON (1.0.1)
  - SmartDeviceLink (4.6.1):
    - BiSON (~> 1.0)

DEPENDENCIES:
  - SmartDeviceLink (from `https://github.com/smartdevicelink/sdl_ios`, branch `bugfix/ack_parse_data_error`)

EXTERNAL SOURCES:
  SmartDeviceLink:
    :branch: bugfix/ack_parse_data_error
    :git: https://github.com/smartdevicelink/sdl_ios

CHECKOUT OPTIONS:
  SmartDeviceLink:
    :commit: dfac498da4bfd3d23df1aabe45e10692179ab991
    :git: https://github.com/smartdevicelink/sdl_ios

SPEC CHECKSUMS:
  BiSON: 4a12ea7d55a080bb374b307692f5a4dca440b2fc
  SmartDeviceLink: c7c2698630a23cd335b1f8fb555ccbc7deba6ad9

PODFILE CHECKSUM: 929d7e2481028f4da6f6086ead31d78efdaf4f65

COCOAPODS: 1.2.1
